
Microsoft Visual Studio Solution File, Format Version 12.00
# Visual Studio Version 17
VisualStudioVersion = 17.11.35219.272
MinimumVisualStudioVersion = 10.0.40219.1
Project("{FAE04EC0-301F-11D3-BF4B-00C04F79EFBC}") = "Web Service", "Web Service\Web Service.csproj", "{ECDF0900-019D-4A23-B20F-FF1AEF791F23}"
EndProject
Global
	GlobalSection(SolutionConfigurationPlatforms) = preSolution
		Debug|Any CPU = Debug|Any CPU
		Release|Any CPU = Release|Any CPU
	EndGlobalSection
	GlobalSection(ProjectConfigurationPlatforms) = postSolution
		{ECDF0900-019D-4A23-B20F-FF1AEF791F23}.Debug|Any CPU.ActiveCfg = Debug|Any CPU
		{ECDF0900-019D-4A23-B20F-FF1AEF791F23}.Debug|Any CPU.Build.0 = Debug|Any CPU
		{ECDF0900-019D-4A23-B20F-FF1AEF791F23}.Release|Any CPU.ActiveCfg = Release|Any CPU
		{ECDF0900-019D-4A23-B20F-FF1AEF791F23}.Release|Any CPU.Build.0 = Release|Any CPU
	EndGlobalSection
	GlobalSection(SolutionProperties) = preSolution
		HideSolutionNode = FALSE
	EndGlobalSection
	GlobalSection(ExtensibilityGlobals) = postSolution
		SolutionGuid = {6E07243A-97A2-4CF9-9663-E8AA72CED821}
	EndGlobalSection
EndGlobal
